// !$*UTF8*$!
{
	archiveVersion = 1;
	classes = {
	};
	objectVersion = 48;
	objects = {

/* Begin PBXBuildFile section */
		6DA7C51E1FB33ED10053EE1D /* AppDelegate.swift in Sources */ = {isa = PBXBuildFile; fileRef = 6DA7C51D1FB33ED10053EE1D /* AppDelegate.swift */; };
		6DA7C5231FB33ED10053EE1D /* Main.storyboard in Resources */ = {isa = PBXBuildFile; fileRef = 6DA7C5211FB33ED10053EE1D /* Main.storyboard */; };
		6DA7C5251FB33ED10053EE1D /* Assets.xcassets in Resources */ = {isa = PBXBuildFile; fileRef = 6DA7C5241FB33ED10053EE1D /* Assets.xcassets */; };
		6DA7C5281FB33ED10053EE1D /* LaunchScreen.storyboard in Resources */ = {isa = PBXBuildFile; fileRef = 6DA7C5261FB33ED10053EE1D /* LaunchScreen.storyboard */; };
		6DA7C5381FB82EE10053EE1D /* LoginViewController.swift in Sources */ = {isa = PBXBuildFile; fileRef = 6DA7C5371FB82EE10053EE1D /* LoginViewController.swift */; };
		6DA7C53A1FB82F450053EE1D /* MyNavigationController.swift in Sources */ = {isa = PBXBuildFile; fileRef = 6DA7C5391FB82F450053EE1D /* MyNavigationController.swift */; };
		6DA7C53C1FB82F840053EE1D /* Details1ViewController.swift in Sources */ = {isa = PBXBuildFile; fileRef = 6DA7C53B1FB82F840053EE1D /* Details1ViewController.swift */; };
		6DA7C53E1FB82F980053EE1D /* Details2ViewController.swift in Sources */ = {isa = PBXBuildFile; fileRef = 6DA7C53D1FB82F980053EE1D /* Details2ViewController.swift */; };
		6DA7C5401FB82FA90053EE1D /* ReportViewController.swift in Sources */ = {isa = PBXBuildFile; fileRef = 6DA7C53F1FB82FA90053EE1D /* ReportViewController.swift */; };
/* End PBXBuildFile section */

/* Begin PBXFileReference section */
		6DA7C51A1FB33ED10053EE1D /* NavigationControllerEx.app */ = {isa = PBXFileReference; explicitFileType = wrapper.application; includeInIndex = 0; path = NavigationControllerEx.app; sourceTree = BUILT_PRODUCTS_DIR; };
		6DA7C51D1FB33ED10053EE1D /* AppDelegate.swift */ = {isa = PBXFileReference; lastKnownFileType = sourcecode.swift; path = AppDelegate.swift; sourceTree = "<group>"; };
		6DA7C5221FB33ED10053EE1D /* Base */ = {isa = PBXFileReference; lastKnownFileType = file.storyboard; name = Base; path = Base.lproj/Main.storyboard; sourceTree = "<group>"; };
		6DA7C5241FB33ED10053EE1D /* Assets.xcassets */ = {isa = PBXFileReference; lastKnownFileType = folder.assetcatalog; path = Assets.xcassets; sourceTree = "<group>"; };
		6DA7C5271FB33ED10053EE1D /* Base */ = {isa = PBXFileReference; lastKnownFileType = file.storyboard; name = Base; path = Base.lproj/LaunchScreen.storyboard; sourceTree = "<group>"; };
		6DA7C5291FB33ED10053EE1D /* Info.plist */ = {isa = PBXFileReference; lastKnownFileType = text.plist.xml; path = Info.plist; sourceTree = "<group>"; };
		6DA7C5371FB82EE10053EE1D /* LoginViewController.swift */ = {isa = PBXFileReference; lastKnownFileType = sourcecode.swift; path = LoginViewController.swift; sourceTree = "<group>"; };
		6DA7C5391FB82F450053EE1D /* MyNavigationController.swift */ = {isa = PBXFileReference; lastKnownFileType = sourcecode.swift; path = MyNavigationController.swift; sourceTree = "<group>"; };
		6DA7C53B1FB82F840053EE1D /* Details1ViewController.swift */ = {isa = PBXFileReference; lastKnownFileType = sourcecode.swift; path = Details1ViewController.swift; sourceTree = "<group>"; };
		6DA7C53D1FB82F980053EE1D /* Details2ViewController.swift */ = {isa = PBXFileReference; lastKnownFileType = sourcecode.swift; path = Details2ViewController.swift; sourceTree = "<group>"; };
		6DA7C53F1FB82FA90053EE1D /* ReportViewController.swift */ = {isa = PBXFileReference; lastKnownFileType = sourcecode.swift; path = ReportViewController.swift; sourceTree = "<group>"; };
/* End PBXFileReference section */

/* Begin PBXFrameworksBuildPhase section */
		6DA7C5171FB33ED10053EE1D /* Frameworks */ = {
			isa = PBXFrameworksBuildPhase;
			buildActionMask = 2147483647;
			files = (
			);
			runOnlyForDeploymentPostprocessing = 0;
		};
/* End PBXFrameworksBuildPhase section */

/* Begin PBXGroup section */
		6DA7C5111FB33ED00053EE1D = {
			isa = PBXGroup;
			children = (
				6DA7C51C1FB33ED10053EE1D /* NavigationControllerEx */,
				6DA7C51B1FB33ED10053EE1D /* Products */,
			);
			sourceTree = "<group>";
		};
		6DA7C51B1FB33ED10053EE1D /* Products */ = {
			isa = PBXGroup;
			children = (
				6DA7C51A1FB33ED10053EE1D /* NavigationControllerEx.app */,
			);
			name = Products;
			sourceTree = "<group>";
		};
		6DA7C51C1FB33ED10053EE1D /* NavigationControllerEx */ = {
			isa = PBXGroup;
			children = (
				6DA7C5361FB82EBC0053EE1D /* Controllers */,
				6DA7C51D1FB33ED10053EE1D /* AppDelegate.swift */,
				6DA7C5211FB33ED10053EE1D /* Main.storyboard */,
				6DA7C5241FB33ED10053EE1D /* Assets.xcassets */,
				6DA7C5261FB33ED10053EE1D /* LaunchScreen.storyboard */,
				6DA7C5291FB33ED10053EE1D /* Info.plist */,
			);
			path = NavigationControllerEx;
			sourceTree = "<group>";
		};
		6DA7C5361FB82EBC0053EE1D /* Controllers */ = {
			isa = PBXGroup;
			children = (
				6DA7C5371FB82EE10053EE1D /* LoginViewController.swift */,
				6DA7C5391FB82F450053EE1D /* MyNavigationController.swift */,
				6DA7C53B1FB82F840053EE1D /* Details1ViewController.swift */,
				6DA7C53D1FB82F980053EE1D /* Details2ViewController.swift */,
				6DA7C53F1FB82FA90053EE1D /* ReportViewController.swift */,
			);
			path = Controllers;
			sourceTree = "<group>";
		};
/* End PBXGroup section */

/* Begin PBXNativeTarget section */
		6DA7C5191FB33ED10053EE1D /* NavigationControllerEx */ = {
			isa = PBXNativeTarget;
			buildConfigurationList = 6DA7C52C1FB33ED10053EE1D /* Build configuration list for PBXNativeTarget "NavigationControllerEx" */;
			buildPhases = (
				6DA7C5161FB33ED10053EE1D /* Sources */,
				6DA7C5171FB33ED10053EE1D /* Frameworks */,
				6DA7C5181FB33ED10053EE1D /* Resources */,
			);
			buildRules = (
			);
			dependencies = (
			);
			name = NavigationControllerEx;
			productName = NavigationControllerEx;
			productReference = 6DA7C51A1FB33ED10053EE1D /* NavigationControllerEx.app */;
			productType = "com.apple.product-type.application";
		};
/* End PBXNativeTarget section */

/* Begin PBXProject section */
		6DA7C5121FB33ED00053EE1D /* Project object */ = {
			isa = PBXProject;
			attributes = {
				LastSwiftUpdateCheck = 0900;
				LastUpgradeCheck = 0900;
				ORGANIZATIONNAME = iosAgents;
				TargetAttributes = {
					6DA7C5191FB33ED10053EE1D = {
						CreatedOnToolsVersion = 9.0;
						ProvisioningStyle = Automatic;
					};
				};
			};
			buildConfigurationList = 6DA7C5151FB33ED00053EE1D /* Build configuration list for PBXProject "NavigationControllerEx" */;
			compatibilityVersion = "Xcode 8.0";
			developmentRegion = en;
			hasScannedForEncodings = 0;
			knownRegions = (
				en,
				Base,
			);
			mainGroup = 6DA7C5111FB33ED00053EE1D;
			productRefGroup = 6DA7C51B1FB33ED10053EE1D /* Products */;
			projectDirPath = "";
			projectRoot = "";
			targets = (
				6DA7C5191FB33ED10053EE1D /* NavigationControllerEx */,
			);
		};
/* End PBXProject section */

/* Begin PBXResourcesBuildPhase section */
		6DA7C5181FB33ED10053EE1D /* Resources */ = {
			isa = PBXResourcesBuildPhase;
			buildActionMask = 2147483647;
			files = (
				6DA7C5281FB33ED10053EE1D /* LaunchScreen.storyboard in Resources */,
				6DA7C5251FB33ED10053EE1D /* Assets.xcassets in Resources */,
				6DA7C5231FB33ED10053EE1D /* Main.storyboard in Resources */,
			);
			runOnlyForDeploymentPostprocessing = 0;
		};
/* End PBXResourcesBuildPhase section */

/* Begin PBXSourcesBuildPhase section */
		6DA7C5161FB33ED10053EE1D /* Sources */ = {
			isa = PBXSourcesBuildPhase;
			buildActionMask = 2147483647;
			files = (
				6DA7C53A1FB82F450053EE1D /* MyNavigationController.swift in Sources */,
				6DA7C53E1FB82F980053EE1D /* Details2ViewController.swift in Sources */,
				6DA7C5401FB82FA90053EE1D /* ReportViewController.swift in Sources */,
				6DA7C53C1FB82F840053EE1D /* Details1ViewController.swift in Sources */,
				6DA7C5381FB82EE10053EE1D /* LoginViewController.swift in Sources */,
				6DA7C51E1FB33ED10053EE1D /* AppDelegate.swift in Sources */,
			);
			runOnlyForDeploymentPostprocessing = 0;
		};
/* End PBXSourcesBuildPhase section */

/* Begin PBXVariantGroup section */
		6DA7C5211FB33ED10053EE1D /* Main.storyboard */ = {
			isa = PBXVariantGroup;
			children = (
				6DA7C5221FB33ED10053EE1D /* Base */,
			);
			name = Main.storyboard;
			sourceTree = "<group>";
		};
		6DA7C5261FB33ED10053EE1D /* LaunchScreen.storyboard */ = {
			isa = PBXVariantGroup;
			children = (
				6DA7C5271FB33ED10053EE1D /* Base */,
			);
			name = LaunchScreen.storyboard;
			sourceTree = "<group>";
		};
/* End PBXVariantGroup section */

/* Begin XCBuildConfiguration section */
		6DA7C52A1FB33ED10053EE1D /* Debug */ = {
			isa = XCBuildConfiguration;
			buildSettings = {
				ALWAYS_SEARCH_USER_PATHS = NO;
				CLANG_ANALYZER_NONNULL = YES;
				CLANG_ANALYZER_NUMBER_OBJECT_CONVERSION = YES_AGGRESSIVE;
				CLANG_CXX_LANGUAGE_STANDARD = "gnu++14";
				CLANG_CXX_LIBRARY = "libc++";
				CLANG_ENABLE_MODULES = YES;
				CLANG_ENABLE_OBJC_ARC = YES;
				CLANG_WARN_BLOCK_CAPTURE_AUTORELEASING = YES;
				CLANG_WARN_BOOL_CONVERSION = YES;
				CLANG_WARN_COMMA = YES;
				CLANG_WARN_CONSTANT_CONVERSION = YES;
				CLANG_WARN_DIRECT_OBJC_ISA_USAGE = YES_ERROR;
				CLANG_WARN_DOCUMENTATION_COMMENTS = YES;
				CLANG_WARN_EMPTY_BODY = YES;
				CLANG_WARN_ENUM_CONVERSION = YES;
				CLANG_WARN_INFINITE_RECURSION = YES;
				CLANG_WARN_INT_CONVERSION = YES;
				CLANG_WARN_NON_LITERAL_NULL_CONVERSION = YES;
				CLANG_WARN_OBJC_LITERAL_CONVERSION = YES;
				CLANG_WARN_OBJC_ROOT_CLASS = YES_ERROR;
				CLANG_WARN_RANGE_LOOP_ANALYSIS = YES;
				CLANG_WARN_STRICT_PROTOTYPES = YES;
				CLANG_WARN_SUSPICIOUS_MOVE = YES;
				CLANG_WARN_UNGUARDED_AVAILABILITY = YES_AGGRESSIVE;
				CLANG_WARN_UNREACHABLE_CODE = YES;
				CLANG_WARN__DUPLICATE_METHOD_MATCH = YES;
				CODE_SIGN_IDENTITY = "iPhone Developer";
				COPY_PHASE_STRIP = NO;
				DEBUG_INFORMATION_FORMAT = dwarf;
				ENABLE_STRICT_OBJC_MSGSEND = YES;
				ENABLE_TESTABILITY = YES;
				GCC_C_LANGUAGE_STANDARD = gnu11;
				GCC_DYNAMIC_NO_PIC = NO;
				GCC_NO_COMMON_BLOCKS = YES;
				GCC_OPTIMIZATION_LEVEL = 0;
				GCC_PREPROCESSOR_DEFINITIONS = (
					"DEBUG=1",
					"$(inherited)",
				);
				GCC_WARN_64_TO_32_BIT_CONVERSION = YES;
				GCC_WARN_ABOUT_RETURN_TYPE = YES_ERROR;
				GCC_WARN_UNDECLARED_SELECTOR = YES;
				GCC_WARN_UNINITIALIZED_AUTOS = YES_AGGRESSIVE;
				GCC_WARN_UNUSED_FUNCTION = YES;
				GCC_WARN_UNUSED_VARIABLE = YES;
				IPHONEOS_DEPLOYMENT_TARGET = 11.0;
				MTL_ENABLE_DEBUG_INFO = YES;
				ONLY_ACTIVE_ARCH = YES;
				SDKROOT = iphoneos;
				SWIFT_ACTIVE_COMPILATION_CONDITIONS = DEBUG;
				SWIFT_OPTIMIZATION_LEVEL = "-Onone";
			};
			name = Debug;
		};
		6DA7C52B1FB33ED10053EE1D /* Release */ = {
			isa = XCBuildConfiguration;
			buildSettings = {
				ALWAYS_SEARCH_USER_PATHS = NO;
				CLANG_ANALYZER_NONNULL = YES;
				CLANG_ANALYZER_NUMBER_OBJECT_CONVERSION = YES_AGGRESSIVE;
				CLANG_CXX_LANGUAGE_STANDARD = "gnu++14";
				CLANG_CXX_LIBRARY = "libc++";
				CLANG_ENABLE_MODULES = YES;
				CLANG_ENABLE_OBJC_ARC = YES;
				CLANG_WARN_BLOCK_CAPTURE_AUTORELEASING = YES;
				CLANG_WARN_BOOL_CONVERSION = YES;
				CLANG_WARN_COMMA = YES;
				CLANG_WARN_CONSTANT_CONVERSION = YES;
				CLANG_WARN_DIRECT_OBJC_ISA_USAGE = YES_ERROR;
				CLANG_WARN_DOCUMENTATION_COMMENTS = YES;
				CLANG_WARN_EMPTY_BODY = YES;
				CLANG_WARN_ENUM_CONVERSION = YES;
				CLANG_WARN_INFINITE_RECURSION = YES;
				CLANG_WARN_INT_CONVERSION = YES;
				CLANG_WARN_NON_LITERAL_NULL_CONVERSION = YES;
				CLANG_WARN_OBJC_LITERAL_CONVERSION = YES;
				CLANG_WARN_OBJC_ROOT_CLASS = YES_ERROR;
				CLANG_WARN_RANGE_LOOP_ANALYSIS = YES;
				CLANG_WARN_STRICT_PROTOTYPES = YES;
				CLANG_WARN_SUSPICIOUS_MOVE = YES;
				CLANG_WARN_UNGUARDED_AVAILABILITY = YES_AGGRESSIVE;
				CLANG_WARN_UNREACHABLE_CODE = YES;
				CLANG_WARN__DUPLICATE_METHOD_MATCH = YES;
				CODE_SIGN_IDENTITY = "iPhone Developer";
				COPY_PHASE_STRIP = NO;
				DEBUG_INFORMATION_FORMAT = "dwarf-with-dsym";
				ENABLE_NS_ASSERTIONS = NO;
				ENABLE_STRICT_OBJC_MSGSEND = YES;
				GCC_C_LANGUAGE_STANDARD = gnu11;
				GCC_NO_COMMON_BLOCKS = YES;
				GCC_WARN_64_TO_32_BIT_CONVERSION = YES;
				GCC_WARN_ABOUT_RETURN_TYPE = YES_ERROR;
				GCC_WARN_UNDECLARED_SELECTOR = YES;
				GCC_WARN_UNINITIALIZED_AUTOS = YES_AGGRESSIVE;
				GCC_WARN_UNUSED_FUNCTION = YES;
				GCC_WARN_UNUSED_VARIABLE = YES;
				IPHONEOS_DEPLOYMENT_TARGET = 11.0;
				MTL_ENABLE_DEBUG_INFO = NO;
				SDKROOT = iphoneos;
				SWIFT_OPTIMIZATION_LEVEL = "-Owholemodule";
				VALIDATE_PRODUCT = YES;
			};
			name = Release;
		};
		6DA7C52D1FB33ED10053EE1D /* Debug */ = {
			isa = XCBuildConfiguration;
			buildSettings = {
				ASSETCATALOG_COMPILER_APPICON_NAME = AppIcon;
				CODE_SIGN_STYLE = Automatic;
				INFOPLIST_FILE = NavigationControllerEx/Info.plist;
				LD_RUNPATH_SEARCH_PATHS = "$(inherited) @executable_path/Frameworks";
				PRODUCT_BUNDLE_IDENTIFIER = ios.agents.NavigationControllerEx;
				PRODUCT_NAME = "$(TARGET_NAME)";
				SWIFT_VERSION = 4.0;
				TARGETED_DEVICE_FAMILY = "1,2";
			};
			name = Debug;
		};
		6DA7C52E1FB33ED10053EE1D /* Release */ = {
			isa = XCBuildConfiguration;
			buildSettings = {
				ASSETCATALOG_COMPILER_APPICON_NAME = AppIcon;
				CODE_SIGN_STYLE = Automatic;
				INFOPLIST_FILE = NavigationControllerEx/Info.plist;
				LD_RUNPATH_SEARCH_PATHS = "$(inherited) @executable_path/Frameworks";
				PRODUCT_BUNDLE_IDENTIFIER = ios.agents.NavigationControllerEx;
				PRODUCT_NAME = "$(TARGET_NAME)";
				SWIFT_VERSION = 4.0;
				TARGETED_DEVICE_FAMILY = "1,2";
			};
			name = Release;
		};
/* End XCBuildConfiguration section */

/* Begin XCConfigurationList section */
		6DA7C5151FB33ED00053EE1D /* Build configuration list for PBXProject "NavigationControllerEx" */ = {
			isa = XCConfigurationList;
			buildConfigurations = (
				6DA7C52A1FB33ED10053EE1D /* Debug */,
				6DA7C52B1FB33ED10053EE1D /* Release */,
			);
			defaultConfigurationIsVisible = 0;
			defaultConfigurationName = Release;
		};
		6DA7C52C1FB33ED10053EE1D /* Build configuration list for PBXNativeTarget "NavigationControllerEx" */ = {
			isa = XCConfigurationList;
			buildConfigurations = (
				6DA7C52D1FB33ED10053EE1D /* Debug */,
				6DA7C52E1FB33ED10053EE1D /* Release */,
			);
			defaultConfigurationIsVisible = 0;
			defaultConfigurationName = Release;
		};
/* End XCConfigurationList section */
	};
	rootObject = 6DA7C5121FB33ED00053EE1D /* Project object */;
}
